// !$*UTF8*$!
{
	archiveVersion = 1;
	classes = {
	};
	objectVersion = 50;
	objects = {

/* Begin PBXFileReference section */
		DF10CD7422C828AC00D21276 /* kexts */ = {isa = PBXFileReference; lastKnownFileType = folder; path = kexts; sourceTree = "<group>"; };
		DF41545E23355A3700A58C84 /* SSDT-V330.aml */ = {isa = PBXFileReference; lastKnownFileType = file; path = "SSDT-V330.aml"; sourceTree = "<group>"; };
		DF7B21D322B59F6800BFE2B5 /* config.plist */ = {isa = PBXFileReference; lastKnownFileType = text.plist.xml; path = config.plist; sourceTree = "<group>"; };
		DF7B21D522B59F6800BFE2B5 /* Audio */ = {isa = PBXFileReference; lastKnownFileType = folder; path = Audio; sourceTree = "<group>"; };
		DF7B21D622B59F6800BFE2B5 /* hotpatch */ = {isa = PBXFileReference; lastKnownFileType = folder; path = hotpatch; sourceTree = "<group>"; };
		DF7B21D722B59F6800BFE2B5 /* README.md */ = {isa = PBXFileReference; lastKnownFileType = net.daringfireball.markdown; path = README.md; sourceTree = "<group>"; };
		DFEE56B622DB520C006FB3AA /* SystemLogo */ = {isa = PBXFileReference; lastKnownFileType = folder; path = SystemLogo; sourceTree = "<group>"; };
		DFEE56B822DB54F3006FB3AA /* Themes */ = {isa = PBXFileReference; lastKnownFileType = folder; path = Themes; sourceTree = "<group>"; };
/* End PBXFileReference section */

/* Begin PBXGroup section */
		DF7B21CC22B59F1C00BFE2B5 = {
			isa = PBXGroup;
			children = (
				DFEE56B822DB54F3006FB3AA /* Themes */,
				DFEE56B622DB520C006FB3AA /* SystemLogo */,
				DF10CD7422C828AC00D21276 /* kexts */,
				DF7B21D522B59F6800BFE2B5 /* Audio */,
				DF7B21D622B59F6800BFE2B5 /* hotpatch */,
				DF7B21D722B59F6800BFE2B5 /* README.md */,
				DF7B21D322B59F6800BFE2B5 /* config.plist */,
				DF41545E23355A3700A58C84 /* SSDT-V330.aml */,
			);
			sourceTree = "<group>";
		};
/* End PBXGroup section */

/* Begin PBXProject section */
		DF7B21CD22B59F1C00BFE2B5 /* Project object */ = {
			isa = PBXProject;
			attributes = {
				LastUpgradeCheck = 1020;
			};
			buildConfigurationList = DF7B21D022B59F1C00BFE2B5 /* Build configuration list for PBXProject "V330" */;
			compatibilityVersion = "Xcode 9.3";
			developmentRegion = en;
			hasScannedForEncodings = 0;
			knownRegions = (
				en,
			);
			mainGroup = DF7B21CC22B59F1C00BFE2B5;
			projectDirPath = "";
			projectRoot = "";
			targets = (
			);
		};
/* End PBXProject section */

/* Begin XCBuildConfiguration section */
		DF7B21D122B59F1C00BFE2B5 /* Debug */ = {
			isa = XCBuildConfiguration;
			buildSettings = {
			};
			name = Debug;
		};
		DF7B21D222B59F1C00BFE2B5 /* Release */ = {
			isa = XCBuildConfiguration;
			buildSettings = {
			};
			name = Release;
		};
/* End XCBuildConfiguration section */

/* Begin XCConfigurationList section */
		DF7B21D022B59F1C00BFE2B5 /* Build configuration list for PBXProject "V330" */ = {
			isa = XCConfigurationList;
			buildConfigurations = (
				DF7B21D122B59F1C00BFE2B5 /* Debug */,
				DF7B21D222B59F1C00BFE2B5 /* Release */,
			);
			defaultConfigurationIsVisible = 0;
			defaultConfigurationName = Release;
		};
/* End XCConfigurationList section */
	};
	rootObject = DF7B21CD22B59F1C00BFE2B5 /* Project object */;
}
